{
    "_meta": {
        "hash": {
            "sha256": "05617a7dc5f73361a026bbed4833e3b49c5daef131e9969c45244dc48b5999be"
        },
        "pipfile-spec": 6,
        "requires": {
            "python_version": "3.7"
        },
        "sources": [
            {
                "name": "pypi",
                "url": "https://pypi.org/simple",
                "verify_ssl": true
            }
        ]
    },
    "default": {
        "django": {
            "hashes": [
                "sha256:0a73696e0ac71ee6177103df984f9c1e07cd297f080f8ec4dc7c6f3fb74395b5",
                "sha256:43a99da08fee329480d27860d68279945b7d8bf7b537388ee2c8938c709b2041"
            ],
            "version": "==1.11.20"
        },
        "django-summernote": {
            "hashes": [
                "sha256:7e2a7cfa806dba508aceee872a7a556b0f86ebcc176f9c3951d4ae56871de609"
            ],
            "index": "pypi",
            "version": "==0.8.11.4"
        },
        "pytz": {
            "hashes": [
                "sha256:303879e36b721603cc54604edcac9d20401bdbe31e1e4fdee5b9f98d5d31dfda",
                "sha256:d747dd3d23d77ef44c6a3526e274af6efeb0a6f1afd5a69ba4d5be4098c8e141"
            ],
            "version": "==2019.1"
        }
    },
    "develop": {}
}
